
Microsoft Visual Studio Solution File, Format Version 12.00
# Visual Studio Version 17
VisualStudioVersion = 17.5.33502.453
MinimumVisualStudioVersion = 10.0.40219.1
Project("{FAE04EC0-301F-11D3-BF4B-00C04F79EFBC}") = "Week15_OOP_files", "Week15_OOP_files\Week15_OOP_files.csproj", "{33E7DA5E-3722-4AB5-B600-6A6D2A64DC50}"
EndProject
Project("{FAE04EC0-301F-11D3-BF4B-00C04F79EFBC}") = "FrozensecretSanta", "FrozensecretSanta\FrozensecretSanta.csproj", "{EDE0C10D-61BE-40F9-99B7-2DBC780FAD6A}"
EndProject
Global
	GlobalSection(SolutionConfigurationPlatforms) = preSolution
		Debug|Any CPU = Debug|Any CPU
		Release|Any CPU = Release|Any CPU
	EndGlobalSection
	GlobalSection(ProjectConfigurationPlatforms) = postSolution
		{33E7DA5E-3722-4AB5-B600-6A6D2A64DC50}.Debug|Any CPU.ActiveCfg = Debug|Any CPU
		{33E7DA5E-3722-4AB5-B600-6A6D2A64DC50}.Debug|Any CPU.Build.0 = Debug|Any CPU
		{33E7DA5E-3722-4AB5-B600-6A6D2A64DC50}.Release|Any CPU.ActiveCfg = Release|Any CPU
		{33E7DA5E-3722-4AB5-B600-6A6D2A64DC50}.Release|Any CPU.Build.0 = Release|Any CPU
		{EDE0C10D-61BE-40F9-99B7-2DBC780FAD6A}.Debug|Any CPU.ActiveCfg = Debug|Any CPU
		{EDE0C10D-61BE-40F9-99B7-2DBC780FAD6A}.Debug|Any CPU.Build.0 = Debug|Any CPU
		{EDE0C10D-61BE-40F9-99B7-2DBC780FAD6A}.Release|Any CPU.ActiveCfg = Release|Any CPU
		{EDE0C10D-61BE-40F9-99B7-2DBC780FAD6A}.Release|Any CPU.Build.0 = Release|Any CPU
	EndGlobalSection
	GlobalSection(SolutionProperties) = preSolution
		HideSolutionNode = FALSE
	EndGlobalSection
	GlobalSection(ExtensibilityGlobals) = postSolution
		SolutionGuid = {864A23A4-E0EB-43A7-93A2-F3224E535D0E}
	EndGlobalSection
EndGlobal
